
Microsoft Visual Studio Solution File, Format Version 12.00
# Visual Studio Version 17
VisualStudioVersion = 17.11.35303.130
MinimumVisualStudioVersion = 10.0.40219.1
Project("{FAE04EC0-301F-11D3-BF4B-00C04F79EFBC}") = "lab04-bai4 bai 5", "lab04-bai4 bai 5.csproj", "{BE71CB54-71BE-4B88-9C96-91369F31DB1B}"
EndProject
Global
	GlobalSection(SolutionConfigurationPlatforms) = preSolution
		Debug|Any CPU = Debug|Any CPU
		Release|Any CPU = Release|Any CPU
	EndGlobalSection
	GlobalSection(ProjectConfigurationPlatforms) = postSolution
		{BE71CB54-71BE-4B88-9C96-91369F31DB1B}.Debug|Any CPU.ActiveCfg = Debug|Any CPU
		{BE71CB54-71BE-4B88-9C96-91369F31DB1B}.Debug|Any CPU.Build.0 = Debug|Any CPU
		{BE71CB54-71BE-4B88-9C96-91369F31DB1B}.Release|Any CPU.ActiveCfg = Release|Any CPU
		{BE71CB54-71BE-4B88-9C96-91369F31DB1B}.Release|Any CPU.Build.0 = Release|Any CPU
	EndGlobalSection
	GlobalSection(SolutionProperties) = preSolution
		HideSolutionNode = FALSE
	EndGlobalSection
	GlobalSection(ExtensibilityGlobals) = postSolution
		SolutionGuid = {26F3E7F0-B132-4963-967B-1AC6F4C7260C}
	EndGlobalSection
EndGlobal
