
Microsoft Visual Studio Solution File, Format Version 12.00
# Visual Studio Version 17
VisualStudioVersion = 17.11.35219.272
MinimumVisualStudioVersion = 10.0.40219.1
Project("{FAE04EC0-301F-11D3-BF4B-00C04F79EFBC}") = "Lab-05-SuDungListBox-Quan Li Tien Phong Kham", "Lab-05-SuDungListBox-Quan Li Tien Phong Kham.csproj", "{A33F48BE-86A0-47EE-B284-1122AE07ED5C}"
EndProject
Global
	GlobalSection(SolutionConfigurationPlatforms) = preSolution
		Debug|Any CPU = Debug|Any CPU
		Release|Any CPU = Release|Any CPU
	EndGlobalSection
	GlobalSection(ProjectConfigurationPlatforms) = postSolution
		{A33F48BE-86A0-47EE-B284-1122AE07ED5C}.Debug|Any CPU.ActiveCfg = Debug|Any CPU
		{A33F48BE-86A0-47EE-B284-1122AE07ED5C}.Debug|Any CPU.Build.0 = Debug|Any CPU
		{A33F48BE-86A0-47EE-B284-1122AE07ED5C}.Release|Any CPU.ActiveCfg = Release|Any CPU
		{A33F48BE-86A0-47EE-B284-1122AE07ED5C}.Release|Any CPU.Build.0 = Release|Any CPU
	EndGlobalSection
	GlobalSection(SolutionProperties) = preSolution
		HideSolutionNode = FALSE
	EndGlobalSection
	GlobalSection(ExtensibilityGlobals) = postSolution
		SolutionGuid = {19B9BA69-E7EC-4ADC-A324-A60251E681D1}
	EndGlobalSection
EndGlobal
